
Microsoft Visual Studio Solution File, Format Version 12.00
# Visual Studio Version 17
VisualStudioVersion = 17.6.33829.357
MinimumVisualStudioVersion = 10.0.40219.1
Project("{8BC9CEB8-8B4A-11D0-8D11-00A0C91BC942}") = "STL", "STL\STL.vcxproj", "{37F4F050-323E-4D74-8FC4-8612C79FA37A}"
EndProject
Project("{8BC9CEB8-8B4A-11D0-8D11-00A0C91BC942}") = "Exceptions", "Exceptions\Exceptions.vcxproj", "{6C169136-09BB-43F4-BB93-313D32916771}"
EndProject
Project("{8BC9CEB8-8B4A-11D0-8D11-00A0C91BC942}") = "AssociativeContainers", "AssociativeContainers\AssociativeContainers.vcxproj", "{15083D05-A8C4-4FAE-BE3F-6FC430B2DE03}"
EndProject
Project("{8BC9CEB8-8B4A-11D0-8D11-00A0C91BC942}") = "Police", "Police\Police.vcxproj", "{B535C609-0C3E-4FA4-AF55-3415EB2558ED}"
EndProject
Global
	GlobalSection(SolutionConfigurationPlatforms) = preSolution
		Debug|x64 = Debug|x64
		Debug|x86 = Debug|x86
		Release|x64 = Release|x64
		Release|x86 = Release|x86
	EndGlobalSection
	GlobalSection(ProjectConfigurationPlatforms) = postSolution
		{37F4F050-323E-4D74-8FC4-8612C79FA37A}.Debug|x64.ActiveCfg = Debug|x64
		{37F4F050-323E-4D74-8FC4-8612C79FA37A}.Debug|x64.Build.0 = Debug|x64
		{37F4F050-323E-4D74-8FC4-8612C79FA37A}.Debug|x86.ActiveCfg = Debug|Win32
		{37F4F050-323E-4D74-8FC4-8612C79FA37A}.Debug|x86.Build.0 = Debug|Win32
		{37F4F050-323E-4D74-8FC4-8612C79FA37A}.Release|x64.ActiveCfg = Release|x64
		{37F4F050-323E-4D74-8FC4-8612C79FA37A}.Release|x64.Build.0 = Release|x64
		{37F4F050-323E-4D74-8FC4-8612C79FA37A}.Release|x86.ActiveCfg = Release|Win32
		{37F4F050-323E-4D74-8FC4-8612C79FA37A}.Release|x86.Build.0 = Release|Win32
		{6C169136-09BB-43F4-BB93-313D32916771}.Debug|x64.ActiveCfg = Debug|x64
		{6C169136-09BB-43F4-BB93-313D32916771}.Debug|x64.Build.0 = Debug|x64
		{6C169136-09BB-43F4-BB93-313D32916771}.Debug|x86.ActiveCfg = Debug|Win32
		{6C169136-09BB-43F4-BB93-313D32916771}.Debug|x86.Build.0 = Debug|Win32
		{6C169136-09BB-43F4-BB93-313D32916771}.Release|x64.ActiveCfg = Release|x64
		{6C169136-09BB-43F4-BB93-313D32916771}.Release|x64.Build.0 = Release|x64
		{6C169136-09BB-43F4-BB93-313D32916771}.Release|x86.ActiveCfg = Release|Win32
		{6C169136-09BB-43F4-BB93-313D32916771}.Release|x86.Build.0 = Release|Win32
		{15083D05-A8C4-4FAE-BE3F-6FC430B2DE03}.Debug|x64.ActiveCfg = Debug|x64
		{15083D05-A8C4-4FAE-BE3F-6FC430B2DE03}.Debug|x64.Build.0 = Debug|x64
		{15083D05-A8C4-4FAE-BE3F-6FC430B2DE03}.Debug|x86.ActiveCfg = Debug|Win32
		{15083D05-A8C4-4FAE-BE3F-6FC430B2DE03}.Debug|x86.Build.0 = Debug|Win32
		{15083D05-A8C4-4FAE-BE3F-6FC430B2DE03}.Release|x64.ActiveCfg = Release|x64
		{15083D05-A8C4-4FAE-BE3F-6FC430B2DE03}.Release|x64.Build.0 = Release|x64
		{15083D05-A8C4-4FAE-BE3F-6FC430B2DE03}.Release|x86.ActiveCfg = Release|Win32
		{15083D05-A8C4-4FAE-BE3F-6FC430B2DE03}.Release|x86.Build.0 = Release|Win32
		{B535C609-0C3E-4FA4-AF55-3415EB2558ED}.Debug|x64.ActiveCfg = Debug|x64
		{B535C609-0C3E-4FA4-AF55-3415EB2558ED}.Debug|x64.Build.0 = Debug|x64
		{B535C609-0C3E-4FA4-AF55-3415EB2558ED}.Debug|x86.ActiveCfg = Debug|Win32
		{B535C609-0C3E-4FA4-AF55-3415EB2558ED}.Debug|x86.Build.0 = Debug|Win32
		{B535C609-0C3E-4FA4-AF55-3415EB2558ED}.Release|x64.ActiveCfg = Release|x64
		{B535C609-0C3E-4FA4-AF55-3415EB2558ED}.Release|x64.Build.0 = Release|x64
		{B535C609-0C3E-4FA4-AF55-3415EB2558ED}.Release|x86.ActiveCfg = Release|Win32
		{B535C609-0C3E-4FA4-AF55-3415EB2558ED}.Release|x86.Build.0 = Release|Win32
	EndGlobalSection
	GlobalSection(SolutionProperties) = preSolution
		HideSolutionNode = FALSE
	EndGlobalSection
	GlobalSection(ExtensibilityGlobals) = postSolution
		SolutionGuid = {2C6CD958-474B-4850-AB6F-BB11048D8BCE}
	EndGlobalSection
EndGlobal
